// !$*UTF8*$!
{
	archiveVersion = 1;
	classes = {
	};
	objectVersion = 46;
	objects = {

/* Begin PBXBuildFile section */
		A9BA2226359315811D81EBD7 /* Pods_Bakso.framework in Frameworks */ = {isa = PBXBuildFile; fileRef = F82F063BB68F3730B6A408B7 /* Pods_Bakso.framework */; };
		FA13A2051ED349FF002D7F79 /* PemesananController.swift in Sources */ = {isa = PBXBuildFile; fileRef = FA13A2041ED349FF002D7F79 /* PemesananController.swift */; };
		FA13A2071ED36138002D7F79 /* ChildNotif.swift in Sources */ = {isa = PBXBuildFile; fileRef = FA13A2061ED36138002D7F79 /* ChildNotif.swift */; };
		FA6A9D801ED050FE00BB15D5 /* ProfileController.swift in Sources */ = {isa = PBXBuildFile; fileRef = FA6A9D7F1ED050FE00BB15D5 /* ProfileController.swift */; };
		FA6A9D821ED2FABE00BB15D5 /* EditProfileController.swift in Sources */ = {isa = PBXBuildFile; fileRef = FA6A9D811ED2FABE00BB15D5 /* EditProfileController.swift */; };
		FA6EF5AB1EC812810069D1F4 /* AppDelegate.swift in Sources */ = {isa = PBXBuildFile; fileRef = FA6EF5AA1EC812810069D1F4 /* AppDelegate.swift */; };
		FA6EF5AD1EC812810069D1F4 /* ViewController.swift in Sources */ = {isa = PBXBuildFile; fileRef = FA6EF5AC1EC812810069D1F4 /* ViewController.swift */; };
		FA6EF5B01EC812810069D1F4 /* Main.storyboard in Resources */ = {isa = PBXBuildFile; fileRef = FA6EF5AE1EC812810069D1F4 /* Main.storyboard */; };
		FA6EF5B21EC812810069D1F4 /* Assets.xcassets in Resources */ = {isa = PBXBuildFile; fileRef = FA6EF5B11EC812810069D1F4 /* Assets.xcassets */; };
		FA6EF5B51EC812810069D1F4 /* LaunchScreen.storyboard in Resources */ = {isa = PBXBuildFile; fileRef = FA6EF5B31EC812810069D1F4 /* LaunchScreen.storyboard */; };
		FA71E9091EC956B3000F7FA4 /* MenuCell.swift in Sources */ = {isa = PBXBuildFile; fileRef = FA71E9081EC956B3000F7FA4 /* MenuCell.swift */; };
		FA71E90B1EC959CD000F7FA4 /* ChildMenuReguler.swift in Sources */ = {isa = PBXBuildFile; fileRef = FA71E90A1EC959CD000F7FA4 /* ChildMenuReguler.swift */; };
		FA71E90D1EC9663B000F7FA4 /* ChildMenuFrozen.swift in Sources */ = {isa = PBXBuildFile; fileRef = FA71E90C1EC9663B000F7FA4 /* ChildMenuFrozen.swift */; };
		FA71E90F1EC96AA7000F7FA4 /* ChildMenuComing.swift in Sources */ = {isa = PBXBuildFile; fileRef = FA71E90E1EC96AA7000F7FA4 /* ChildMenuComing.swift */; };
		FA71E9111EC9780D000F7FA4 /* LoginController.swift in Sources */ = {isa = PBXBuildFile; fileRef = FA71E9101EC9780D000F7FA4 /* LoginController.swift */; };
		FA71E9131EC98237000F7FA4 /* CustomButton.swift in Sources */ = {isa = PBXBuildFile; fileRef = FA71E9121EC98237000F7FA4 /* CustomButton.swift */; };
		FA71E9151EC98EED000F7FA4 /* RegisterController.swift in Sources */ = {isa = PBXBuildFile; fileRef = FA71E9141EC98EED000F7FA4 /* RegisterController.swift */; };
		FA71E9171EC9EAC3000F7FA4 /* SyaratController.swift in Sources */ = {isa = PBXBuildFile; fileRef = FA71E9161EC9EAC3000F7FA4 /* SyaratController.swift */; };
		FA71E91B1ECA239B000F7FA4 /* VC.swift in Sources */ = {isa = PBXBuildFile; fileRef = FA71E91A1ECA239B000F7FA4 /* VC.swift */; };
		FA71E91D1ECA2443000F7FA4 /* Device.swift in Sources */ = {isa = PBXBuildFile; fileRef = FA71E91C1ECA2443000F7FA4 /* Device.swift */; };
		FA71E91F1ECA24B8000F7FA4 /* ButtonImage.swift in Sources */ = {isa = PBXBuildFile; fileRef = FA71E91E1ECA24B8000F7FA4 /* ButtonImage.swift */; };
		FA7BD5EA1ED5E299009E0917 /* PesanCell.swift in Sources */ = {isa = PBXBuildFile; fileRef = FA7BD5E91ED5E299009E0917 /* PesanCell.swift */; };
		FA7BD5F01ED6082C009E0917 /* User.swift in Sources */ = {isa = PBXBuildFile; fileRef = FA7BD5EF1ED6082C009E0917 /* User.swift */; };
		FA7BD5F21ED60C49009E0917 /* ClassStruct.swift in Sources */ = {isa = PBXBuildFile; fileRef = FA7BD5F11ED60C49009E0917 /* ClassStruct.swift */; };
		FA7BD6091ED8817F009E0917 /* FaqController.swift in Sources */ = {isa = PBXBuildFile; fileRef = FA7BD6081ED8817F009E0917 /* FaqController.swift */; };
		FA7BD60B1ED88640009E0917 /* CellInfo.swift in Sources */ = {isa = PBXBuildFile; fileRef = FA7BD60A1ED88640009E0917 /* CellInfo.swift */; };
		FA7BD60D1ED88656009E0917 /* SectionInfo.swift in Sources */ = {isa = PBXBuildFile; fileRef = FA7BD60C1ED88656009E0917 /* SectionInfo.swift */; };
		FA7BD60F1ED8868B009E0917 /* HeaderView.swift in Sources */ = {isa = PBXBuildFile; fileRef = FA7BD60E1ED8868B009E0917 /* HeaderView.swift */; };
		FA7BD6111ED886A6009E0917 /* HeaderView.xib in Resources */ = {isa = PBXBuildFile; fileRef = FA7BD6101ED886A6009E0917 /* HeaderView.xib */; };
		FA7BD6131ED886B6009E0917 /* ImageCell.xib in Resources */ = {isa = PBXBuildFile; fileRef = FA7BD6121ED886B6009E0917 /* ImageCell.xib */; };
		FA7BD6151ED886CB009E0917 /* TextCell.xib in Resources */ = {isa = PBXBuildFile; fileRef = FA7BD6141ED886CB009E0917 /* TextCell.xib */; };
		FA7BD6171ED8BF31009E0917 /* MIBadgeButton.swift in Sources */ = {isa = PBXBuildFile; fileRef = FA7BD6161ED8BF31009E0917 /* MIBadgeButton.swift */; };
		FAA6BDED1ECB9CE7006A1953 /* PembelianController.swift in Sources */ = {isa = PBXBuildFile; fileRef = FAA6BDEC1ECB9CE7006A1953 /* PembelianController.swift */; };
		FAA6BDF21ECB9FF5006A1953 /* CustomCellProfile.swift in Sources */ = {isa = PBXBuildFile; fileRef = FAA6BDF11ECB9FF5006A1953 /* CustomCellProfile.swift */; };
		FAA6BDF41ECBA800006A1953 /* LeftViewController.swift in Sources */ = {isa = PBXBuildFile; fileRef = FAA6BDF31ECBA800006A1953 /* LeftViewController.swift */; };
		FAA6BDF61ECBAA60006A1953 /* MainViewController.swift in Sources */ = {isa = PBXBuildFile; fileRef = FAA6BDF51ECBAA60006A1953 /* MainViewController.swift */; };
		FAA6BDFC1ECBAAE9006A1953 /* ExSlideMenuController.swift in Sources */ = {isa = PBXBuildFile; fileRef = FAA6BDFB1ECBAAE9006A1953 /* ExSlideMenuController.swift */; };
		FAA6BDFE1ECBAB0B006A1953 /* UIViewController.swift in Sources */ = {isa = PBXBuildFile; fileRef = FAA6BDFD1ECBAB0B006A1953 /* UIViewController.swift */; };
		FAA6BE001ECBAB24006A1953 /* SubContentsViewController.swift in Sources */ = {isa = PBXBuildFile; fileRef = FAA6BDFF1ECBAB24006A1953 /* SubContentsViewController.swift */; };
		FAA6BE041ECBAB57006A1953 /* NonMenuController.swift in Sources */ = {isa = PBXBuildFile; fileRef = FAA6BE031ECBAB57006A1953 /* NonMenuController.swift */; };
		FAA6BE061ECBAB70006A1953 /* RightViewController.swift in Sources */ = {isa = PBXBuildFile; fileRef = FAA6BE051ECBAB70006A1953 /* RightViewController.swift */; };
		FAA6BE081ECBAC24006A1953 /* RatingViewController.xib in Resources */ = {isa = PBXBuildFile; fileRef = FAA6BE071ECBAC24006A1953 /* RatingViewController.xib */; };
		FAA6BE0A1ECBAC34006A1953 /* ImageHeaderView.swift in Sources */ = {isa = PBXBuildFile; fileRef = FAA6BE091ECBAC34006A1953 /* ImageHeaderView.swift */; };
		FAA6BE0C1ECBAC4B006A1953 /* ImageHeaderView.xib in Resources */ = {isa = PBXBuildFile; fileRef = FAA6BE0B1ECBAC4B006A1953 /* ImageHeaderView.xib */; };
		FAA6BE0E1ECBAC84006A1953 /* BaseTableViewCell.swift in Sources */ = {isa = PBXBuildFile; fileRef = FAA6BE0D1ECBAC84006A1953 /* BaseTableViewCell.swift */; };
		FAA6BE101ECBAC99006A1953 /* DataTableViewCell.swift in Sources */ = {isa = PBXBuildFile; fileRef = FAA6BE0F1ECBAC99006A1953 /* DataTableViewCell.swift */; };
		FAA6BE121ECBACAF006A1953 /* DataTableViewCell.xib in Resources */ = {isa = PBXBuildFile; fileRef = FAA6BE111ECBACAF006A1953 /* DataTableViewCell.xib */; };
		FAA6BE141ECBAD1F006A1953 /* UIApplication.swift in Sources */ = {isa = PBXBuildFile; fileRef = FAA6BE131ECBAD1F006A1953 /* UIApplication.swift */; };
		FAA6BE161ECBAD34006A1953 /* String.swift in Sources */ = {isa = PBXBuildFile; fileRef = FAA6BE151ECBAD34006A1953 /* String.swift */; };
		FAA6BE181ECBAD48006A1953 /* UIColor.swift in Sources */ = {isa = PBXBuildFile; fileRef = FAA6BE171ECBAD48006A1953 /* UIColor.swift */; };
		FAA6BE1A1ECBAD5E006A1953 /* UIImage.swift in Sources */ = {isa = PBXBuildFile; fileRef = FAA6BE191ECBAD5E006A1953 /* UIImage.swift */; };
		FAA6BE1C1ECBAD6D006A1953 /* UIImageView.swift in Sources */ = {isa = PBXBuildFile; fileRef = FAA6BE1B1ECBAD6D006A1953 /* UIImageView.swift */; };
		FAA6BE1E1ECBAD81006A1953 /* UITableViewExtension.swift in Sources */ = {isa = PBXBuildFile; fileRef = FAA6BE1D1ECBAD81006A1953 /* UITableViewExtension.swift */; };
		FAA6BE201ECBAD95006A1953 /* UIView.swift in Sources */ = {isa = PBXBuildFile; fileRef = FAA6BE1F1ECBAD95006A1953 /* UIView.swift */; };
		FAA6BE221ECC72C6006A1953 /* ItemTableCell.swift in Sources */ = {isa = PBXBuildFile; fileRef = FAA6BE211ECC72C6006A1953 /* ItemTableCell.swift */; };
		FAADF8821EC8267600E74116 /* SubContentsViewController.storyboard in Resources */ = {isa = PBXBuildFile; fileRef = FAADF8801EC8267600E74116 /* SubContentsViewController.storyboard */; };
		FAADF88F1EC826A400E74116 /* SlideMenuControllerSwift.xcdatamodeld in Sources */ = {isa = PBXBuildFile; fileRef = FAADF8851EC826A400E74116 /* SlideMenuControllerSwift.xcdatamodeld */; };
		FAADF89D1EC82D1C00E74116 /* SplashVC.swift in Sources */ = {isa = PBXBuildFile; fileRef = FAADF89C1EC82D1C00E74116 /* SplashVC.swift */; };
		FAADF8A11EC8503D00E74116 /* MyCustomCell.swift in Sources */ = {isa = PBXBuildFile; fileRef = FAADF8A01EC8503D00E74116 /* MyCustomCell.swift */; };
		FAADF8A31EC8508900E74116 /* UIVerticalAlignLabel.swift in Sources */ = {isa = PBXBuildFile; fileRef = FAADF8A21EC8508900E74116 /* UIVerticalAlignLabel.swift */; };
		FAADF8A51EC850C300E74116 /* SlideCell.swift in Sources */ = {isa = PBXBuildFile; fileRef = FAADF8A41EC850C300E74116 /* SlideCell.swift */; };
		FAADF8A71EC86E6500E74116 /* GlobalVar.swift in Sources */ = {isa = PBXBuildFile; fileRef = FAADF8A61EC86E6500E74116 /* GlobalVar.swift */; };
		FAADF8D51EC8861600E74116 /* DataProvider.swift in Sources */ = {isa = PBXBuildFile; fileRef = FAADF8D21EC8861600E74116 /* DataProvider.swift */; };
		FAADF8D61EC8861600E74116 /* PostCell.swift in Sources */ = {isa = PBXBuildFile; fileRef = FAADF8D31EC8861600E74116 /* PostCell.swift */; };
		FAADF8D71EC8861600E74116 /* PostCell.xib in Resources */ = {isa = PBXBuildFile; fileRef = FAADF8D41EC8861600E74116 /* PostCell.xib */; };
		FAED86BD1ECC9DDA0094F030 /* KeyboardLayoutConstraint.swift in Sources */ = {isa = PBXBuildFile; fileRef = FAED86BC1ECC9DDA0094F030 /* KeyboardLayoutConstraint.swift */; };
		FAED86BF1ECCB3440094F030 /* PembayaranController.swift in Sources */ = {isa = PBXBuildFile; fileRef = FAED86BE1ECCB3440094F030 /* PembayaranController.swift */; };
		FAED86C11ECCB5690094F030 /* ItemBayarTableCell.swift in Sources */ = {isa = PBXBuildFile; fileRef = FAED86C01ECCB5690094F030 /* ItemBayarTableCell.swift */; };
		FAED86C31ECD91CF0094F030 /* Empty.xib in Resources */ = {isa = PBXBuildFile; fileRef = FAED86C21ECD91CF0094F030 /* Empty.xib */; };
		FAED86C51ECD93200094F030 /* DropMenuButton.swift in Sources */ = {isa = PBXBuildFile; fileRef = FAED86C41ECD93200094F030 /* DropMenuButton.swift */; };
		FAED86CD1ECDAABA0094F030 /* HADropDown.swift in Sources */ = {isa = PBXBuildFile; fileRef = FAED86CC1ECDAABA0094F030 /* HADropDown.swift */; };
		FAED86D21ECE2BF30094F030 /* CustomButton2.swift in Sources */ = {isa = PBXBuildFile; fileRef = FAED86D11ECE2BF30094F030 /* CustomButton2.swift */; };
		FAED86D41ECE34940094F030 /* NotifControllerViewController.swift in Sources */ = {isa = PBXBuildFile; fileRef = FAED86D31ECE34940094F030 /* NotifControllerViewController.swift */; };
		FAED86D61ECE51FC0094F030 /* ItemNotifTableCell.swift in Sources */ = {isa = PBXBuildFile; fileRef = FAED86D51ECE51FC0094F030 /* ItemNotifTableCell.swift */; };
		FAED86D81ECE59AB0094F030 /* KritikController.swift in Sources */ = {isa = PBXBuildFile; fileRef = FAED86D71ECE59AB0094F030 /* KritikController.swift */; };
		FAED86E21ECFFC960094F030 /* YNExpandableCellEx.xib in Resources */ = {isa = PBXBuildFile; fileRef = FAED86E11ECFFC960094F030 /* YNExpandableCellEx.xib */; };
		FAED86E41ECFFCAE0094F030 /* YNExpandableCells.swift in Sources */ = {isa = PBXBuildFile; fileRef = FAED86E31ECFFCAE0094F030 /* YNExpandableCells.swift */; };
		FAED86E61ECFFCD10094F030 /* YNSliderCell.xib in Resources */ = {isa = PBXBuildFile; fileRef = FAED86E51ECFFCD10094F030 /* YNSliderCell.xib */; };
		FAED86E81ECFFCE70094F030 /* YNSegmentCell.xib in Resources */ = {isa = PBXBuildFile; fileRef = FAED86E71ECFFCE70094F030 /* YNSegmentCell.xib */; };
		FAED86EA1ECFFEEE0094F030 /* TanyaController.swift in Sources */ = {isa = PBXBuildFile; fileRef = FAED86E91ECFFEEE0094F030 /* TanyaController.swift */; };
		FAED86EC1ED018480094F030 /* TentangController.swift in Sources */ = {isa = PBXBuildFile; fileRef = FAED86EB1ED018480094F030 /* TentangController.swift */; };
		FAFD1FC31EDCB07200E394A9 /* ChildBeverages.swift in Sources */ = {isa = PBXBuildFile; fileRef = FAFD1FC21EDCB07200E394A9 /* ChildBeverages.swift */; };
		FAFD1FC51EDCB48A00E394A9 /* ChildSnack.swift in Sources */ = {isa = PBXBuildFile; fileRef = FAFD1FC41EDCB48A00E394A9 /* ChildSnack.swift */; };
/* End PBXBuildFile section */

/* Begin PBXFileReference section */
		5FFE6892A081112C8C283915 /* Pods-Bakso.release.xcconfig */ = {isa = PBXFileReference; includeInIndex = 1; lastKnownFileType = text.xcconfig; name = "Pods-Bakso.release.xcconfig"; path = "Pods/Target Support Files/Pods-Bakso/Pods-Bakso.release.xcconfig"; sourceTree = "<group>"; };
		CB49726B99B36A89032C64E3 /* Pods-Bakso.debug.xcconfig */ = {isa = PBXFileReference; includeInIndex = 1; lastKnownFileType = text.xcconfig; name = "Pods-Bakso.debug.xcconfig"; path = "Pods/Target Support Files/Pods-Bakso/Pods-Bakso.debug.xcconfig"; sourceTree = "<group>"; };
		F82F063BB68F3730B6A408B7 /* Pods_Bakso.framework */ = {isa = PBXFileReference; explicitFileType = wrapper.framework; includeInIndex = 0; path = Pods_Bakso.framework; sourceTree = BUILT_PRODUCTS_DIR; };
		FA13A2041ED349FF002D7F79 /* PemesananController.swift */ = {isa = PBXFileReference; fileEncoding = 4; lastKnownFileType = sourcecode.swift; name = PemesananController.swift; path = Controller/PemesananController.swift; sourceTree = "<group>"; };
		FA13A2061ED36138002D7F79 /* ChildNotif.swift */ = {isa = PBXFileReference; fileEncoding = 4; lastKnownFileType = sourcecode.swift; name = ChildNotif.swift; path = Cild/ChildNotif.swift; sourceTree = "<group>"; };
		FA6A9D7F1ED050FE00BB15D5 /* ProfileController.swift */ = {isa = PBXFileReference; fileEncoding = 4; lastKnownFileType = sourcecode.swift; name = ProfileController.swift; path = Controller/ProfileController.swift; sourceTree = "<group>"; };
		FA6A9D811ED2FABE00BB15D5 /* EditProfileController.swift */ = {isa = PBXFileReference; fileEncoding = 4; lastKnownFileType = sourcecode.swift; name = EditProfileController.swift; path = Controller/EditProfileController.swift; sourceTree = "<group>"; };
		FA6EF5A71EC812810069D1F4 /* Bakso.app */ = {isa = PBXFileReference; explicitFileType = wrapper.application; includeInIndex = 0; path = Bakso.app; sourceTree = BUILT_PRODUCTS_DIR; };
		FA6EF5AA1EC812810069D1F4 /* AppDelegate.swift */ = {isa = PBXFileReference; lastKnownFileType = sourcecode.swift; path = AppDelegate.swift; sourceTree = "<group>"; };
		FA6EF5AC1EC812810069D1F4 /* ViewController.swift */ = {isa = PBXFileReference; lastKnownFileType = sourcecode.swift; path = ViewController.swift; sourceTree = "<group>"; };
		FA6EF5AF1EC812810069D1F4 /* Base */ = {isa = PBXFileReference; lastKnownFileType = file.storyboard; name = Base; path = Base.lproj/Main.storyboard; sourceTree = "<group>"; };
		FA6EF5B11EC812810069D1F4 /* Assets.xcassets */ = {isa = PBXFileReference; lastKnownFileType = folder.assetcatalog; path = Assets.xcassets; sourceTree = "<group>"; };
		FA6EF5B41EC812810069D1F4 /* Base */ = {isa = PBXFileReference; lastKnownFileType = file.storyboard; name = Base; path = Base.lproj/LaunchScreen.storyboard; sourceTree = "<group>"; };
		FA6EF5B61EC812810069D1F4 /* Info.plist */ = {isa = PBXFileReference; lastKnownFileType = text.plist.xml; path = Info.plist; sourceTree = "<group>"; };
		FA71E9081EC956B3000F7FA4 /* MenuCell.swift */ = {isa = PBXFileReference; fileEncoding = 4; lastKnownFileType = sourcecode.swift; path = MenuCell.swift; sourceTree = "<group>"; };
		FA71E90A1EC959CD000F7FA4 /* ChildMenuReguler.swift */ = {isa = PBXFileReference; fileEncoding = 4; lastKnownFileType = sourcecode.swift; name = ChildMenuReguler.swift; path = Cild/ChildMenuReguler.swift; sourceTree = "<group>"; };
		FA71E90C1EC9663B000F7FA4 /* ChildMenuFrozen.swift */ = {isa = PBXFileReference; fileEncoding = 4; lastKnownFileType = sourcecode.swift; name = ChildMenuFrozen.swift; path = Cild/ChildMenuFrozen.swift; sourceTree = "<group>"; };
		FA71E90E1EC96AA7000F7FA4 /* ChildMenuComing.swift */ = {isa = PBXFileReference; fileEncoding = 4; lastKnownFileType = sourcecode.swift; name = ChildMenuComing.swift; path = Cild/ChildMenuComing.swift; sourceTree = "<group>"; };
		FA71E9101EC9780D000F7FA4 /* LoginController.swift */ = {isa = PBXFileReference; fileEncoding = 4; lastKnownFileType = sourcecode.swift; name = LoginController.swift; path = Controller/LoginController.swift; sourceTree = "<group>"; };
		FA71E9121EC98237000F7FA4 /* CustomButton.swift */ = {isa = PBXFileReference; fileEncoding = 4; lastKnownFileType = sourcecode.swift; path = CustomButton.swift; sourceTree = "<group>"; };
		FA71E9141EC98EED000F7FA4 /* RegisterController.swift */ = {isa = PBXFileReference; fileEncoding = 4; lastKnownFileType = sourcecode.swift; name = RegisterController.swift; path = Controller/RegisterController.swift; sourceTree = "<group>"; };
		FA71E9161EC9EAC3000F7FA4 /* SyaratController.swift */ = {isa = PBXFileReference; fileEncoding = 4; lastKnownFileType = sourcecode.swift; name = SyaratController.swift; path = Controller/SyaratController.swift; sourceTree = "<group>"; };
		FA71E91A1ECA239B000F7FA4 /* VC.swift */ = {isa = PBXFileReference; fileEncoding = 4; lastKnownFileType = sourcecode.swift; name = VC.swift; path = Controller/VC.swift; sourceTree = "<group>"; };
		FA71E91C1ECA2443000F7FA4 /* Device.swift */ = {isa = PBXFileReference; fileEncoding = 4; lastKnownFileType = sourcecode.swift; path = Device.swift; sourceTree = "<group>"; };
		FA71E91E1ECA24B8000F7FA4 /* ButtonImage.swift */ = {isa = PBXFileReference; fileEncoding = 4; lastKnownFileType = sourcecode.swift; path = ButtonImage.swift; sourceTree = "<group>"; };
		FA7BD5E91ED5E299009E0917 /* PesanCell.swift */ = {isa = PBXFileReference; fileEncoding = 4; lastKnownFileType = sourcecode.swift; name = PesanCell.swift; path = Cell/PesanCell.swift; sourceTree = "<group>"; };
		FA7BD5EF1ED6082C009E0917 /* User.swift */ = {isa = PBXFileReference; fileEncoding = 4; lastKnownFileType = sourcecode.swift; name = User.swift; path = Class/User.swift; sourceTree = "<group>"; };
		FA7BD5F11ED60C49009E0917 /* ClassStruct.swift */ = {isa = PBXFileReference; fileEncoding = 4; lastKnownFileType = sourcecode.swift; name = ClassStruct.swift; path = Class/ClassStruct.swift; sourceTree = "<group>"; };
		FA7BD6081ED8817F009E0917 /* FaqController.swift */ = {isa = PBXFileReference; fileEncoding = 4; lastKnownFileType = sourcecode.swift; name = FaqController.swift; path = Controller/FaqController.swift; sourceTree = "<group>"; };
		FA7BD60A1ED88640009E0917 /* CellInfo.swift */ = {isa = PBXFileReference; fileEncoding = 4; lastKnownFileType = sourcecode.swift; name = CellInfo.swift; path = "Models Expand/CellInfo.swift"; sourceTree = "<group>"; };
		FA7BD60C1ED88656009E0917 /* SectionInfo.swift */ = {isa = PBXFileReference; fileEncoding = 4; lastKnownFileType = sourcecode.swift; name = SectionInfo.swift; path = "Models Expand/SectionInfo.swift"; sourceTree = "<group>"; };
		FA7BD60E1ED8868B009E0917 /* HeaderView.swift */ = {isa = PBXFileReference; fileEncoding = 4; lastKnownFileType = sourcecode.swift; name = HeaderView.swift; path = "Custom Views Expand/HeaderView.swift"; sourceTree = "<group>"; };
		FA7BD6101ED886A6009E0917 /* HeaderView.xib */ = {isa = PBXFileReference; fileEncoding = 4; lastKnownFileType = file.xib; name = HeaderView.xib; path = "Custom Views Expand/HeaderView.xib"; sourceTree = "<group>"; };
		FA7BD6121ED886B6009E0917 /* ImageCell.xib */ = {isa = PBXFileReference; fileEncoding = 4; lastKnownFileType = file.xib; name = ImageCell.xib; path = "Custom Views Expand/ImageCell.xib"; sourceTree = "<group>"; };
		FA7BD6141ED886CB009E0917 /* TextCell.xib */ = {isa = PBXFileReference; fileEncoding = 4; lastKnownFileType = file.xib; name = TextCell.xib; path = "Custom Views Expand/TextCell.xib"; sourceTree = "<group>"; };
		FA7BD6161ED8BF31009E0917 /* MIBadgeButton.swift */ = {isa = PBXFileReference; fileEncoding = 4; lastKnownFileType = sourcecode.swift; name = MIBadgeButton.swift; path = Extension/MIBadgeButton.swift; sourceTree = "<group>"; };
		FAA6BDEC1ECB9CE7006A1953 /* PembelianController.swift */ = {isa = PBXFileReference; fileEncoding = 4; lastKnownFileType = sourcecode.swift; name = PembelianController.swift; path = Controller/PembelianController.swift; sourceTree = "<group>"; };
		FAA6BDF11ECB9FF5006A1953 /* CustomCellProfile.swift */ = {isa = PBXFileReference; fileEncoding = 4; lastKnownFileType = sourcecode.swift; path = CustomCellProfile.swift; sourceTree = "<group>"; };
		FAA6BDF31ECBA800006A1953 /* LeftViewController.swift */ = {isa = PBXFileReference; fileEncoding = 4; lastKnownFileType = sourcecode.swift; path = LeftViewController.swift; sourceTree = "<group>"; };
		FAA6BDF51ECBAA60006A1953 /* MainViewController.swift */ = {isa = PBXFileReference; fileEncoding = 4; lastKnownFileType = sourcecode.swift; name = MainViewController.swift; path = Controller/MainViewController.swift; sourceTree = "<group>"; };
		FAA6BDFB1ECBAAE9006A1953 /* ExSlideMenuController.swift */ = {isa = PBXFileReference; fileEncoding = 4; lastKnownFileType = sourcecode.swift; name = ExSlideMenuController.swift; path = Controller/ExSlideMenuController.swift; sourceTree = "<group>"; };
		FAA6BDFD1ECBAB0B006A1953 /* UIViewController.swift */ = {isa = PBXFileReference; fileEncoding = 4; lastKnownFileType = sourcecode.swift; name = UIViewController.swift; path = Controller/UIViewController.swift; sourceTree = "<group>"; };
		FAA6BDFF1ECBAB24006A1953 /* SubContentsViewController.swift */ = {isa = PBXFileReference; fileEncoding = 4; lastKnownFileType = sourcecode.swift; name = SubContentsViewController.swift; path = Controller/SubContentsViewController.swift; sourceTree = "<group>"; };
		FAA6BE031ECBAB57006A1953 /* NonMenuController.swift */ = {isa = PBXFileReference; fileEncoding = 4; lastKnownFileType = sourcecode.swift; name = NonMenuController.swift; path = Controller/NonMenuController.swift; sourceTree = "<group>"; };
		FAA6BE051ECBAB70006A1953 /* RightViewController.swift */ = {isa = PBXFileReference; fileEncoding = 4; lastKnownFileType = sourcecode.swift; name = RightViewController.swift; path = Controller/RightViewController.swift; sourceTree = "<group>"; };
		FAA6BE071ECBAC24006A1953 /* RatingViewController.xib */ = {isa = PBXFileReference; fileEncoding = 4; lastKnownFileType = file.xib; name = RatingViewController.xib; path = View/RatingViewController.xib; sourceTree = "<group>"; };
		FAA6BE091ECBAC34006A1953 /* ImageHeaderView.swift */ = {isa = PBXFileReference; fileEncoding = 4; lastKnownFileType = sourcecode.swift; name = ImageHeaderView.swift; path = View/ImageHeaderView.swift; sourceTree = "<group>"; };
		FAA6BE0B1ECBAC4B006A1953 /* ImageHeaderView.xib */ = {isa = PBXFileReference; fileEncoding = 4; lastKnownFileType = file.xib; name = ImageHeaderView.xib; path = View/ImageHeaderView.xib; sourceTree = "<group>"; };
		FAA6BE0D1ECBAC84006A1953 /* BaseTableViewCell.swift */ = {isa = PBXFileReference; fileEncoding = 4; lastKnownFileType = sourcecode.swift; name = BaseTableViewCell.swift; path = View/TableViewCell/BaseTableViewCell.swift; sourceTree = "<group>"; };
		FAA6BE0F1ECBAC99006A1953 /* DataTableViewCell.swift */ = {isa = PBXFileReference; fileEncoding = 4; lastKnownFileType = sourcecode.swift; name = DataTableViewCell.swift; path = View/TableViewCell/DataTableViewCell.swift; sourceTree = "<group>"; };
		FAA6BE111ECBACAF006A1953 /* DataTableViewCell.xib */ = {isa = PBXFileReference; fileEncoding = 4; lastKnownFileType = file.xib; name = DataTableViewCell.xib; path = View/TableViewCell/DataTableViewCell.xib; sourceTree = "<group>"; };
		FAA6BE131ECBAD1F006A1953 /* UIApplication.swift */ = {isa = PBXFileReference; fileEncoding = 4; lastKnownFileType = sourcecode.swift; name = UIApplication.swift; path = Extension/UIApplication.swift; sourceTree = "<group>"; };
		FAA6BE151ECBAD34006A1953 /* String.swift */ = {isa = PBXFileReference; fileEncoding = 4; lastKnownFileType = sourcecode.swift; name = String.swift; path = Extension/String.swift; sourceTree = "<group>"; };
		FAA6BE171ECBAD48006A1953 /* UIColor.swift */ = {isa = PBXFileReference; fileEncoding = 4; lastKnownFileType = sourcecode.swift; name = UIColor.swift; path = Extension/UIColor.swift; sourceTree = "<group>"; };
		FAA6BE191ECBAD5E006A1953 /* UIImage.swift */ = {isa = PBXFileReference; fileEncoding = 4; lastKnownFileType = sourcecode.swift; name = UIImage.swift; path = Extension/UIImage.swift; sourceTree = "<group>"; };
		FAA6BE1B1ECBAD6D006A1953 /* UIImageView.swift */ = {isa = PBXFileReference; fileEncoding = 4; lastKnownFileType = sourcecode.swift; name = UIImageView.swift; path = Extension/UIImageView.swift; sourceTree = "<group>"; };
		FAA6BE1D1ECBAD81006A1953 /* UITableViewExtension.swift */ = {isa = PBXFileReference; fileEncoding = 4; lastKnownFileType = sourcecode.swift; name = UITableViewExtension.swift; path = Extension/UITableViewExtension.swift; sourceTree = "<group>"; };
		FAA6BE1F1ECBAD95006A1953 /* UIView.swift */ = {isa = PBXFileReference; fileEncoding = 4; lastKnownFileType = sourcecode.swift; name = UIView.swift; path = Extension/UIView.swift; sourceTree = "<group>"; };
		FAA6BE211ECC72C6006A1953 /* ItemTableCell.swift */ = {isa = PBXFileReference; fileEncoding = 4; lastKnownFileType = sourcecode.swift; name = ItemTableCell.swift; path = Cell/ItemTableCell.swift; sourceTree = "<group>"; };
		FAADF8801EC8267600E74116 /* SubContentsViewController.storyboard */ = {isa = PBXFileReference; fileEncoding = 4; lastKnownFileType = file.storyboard; name = SubContentsViewController.storyboard; path = "../../../../Downloads/SlideMenuControllerSwift-master 2/SlideMenuControllerSwift/SubContentsViewController.storyboard"; sourceTree = "<group>"; };
		FAADF8861EC826A400E74116 /* SlideMenuControllerSwift.xcdatamodel */ = {isa = PBXFileReference; lastKnownFileType = wrapper.xcdatamodel; path = SlideMenuControllerSwift.xcdatamodel; sourceTree = "<group>"; };
		FAADF89C1EC82D1C00E74116 /* SplashVC.swift */ = {isa = PBXFileReference; fileEncoding = 4; lastKnownFileType = sourcecode.swift; name = SplashVC.swift; path = Controller/SplashVC.swift; sourceTree = "<group>"; };
		FAADF8A01EC8503D00E74116 /* MyCustomCell.swift */ = {isa = PBXFileReference; fileEncoding = 4; lastKnownFileType = sourcecode.swift; path = MyCustomCell.swift; sourceTree = "<group>"; };
		FAADF8A21EC8508900E74116 /* UIVerticalAlignLabel.swift */ = {isa = PBXFileReference; fileEncoding = 4; lastKnownFileType = sourcecode.swift; path = UIVerticalAlignLabel.swift; sourceTree = "<group>"; };
		FAADF8A41EC850C300E74116 /* SlideCell.swift */ = {isa = PBXFileReference; fileEncoding = 4; lastKnownFileType = sourcecode.swift; path = SlideCell.swift; sourceTree = "<group>"; };
		FAADF8A61EC86E6500E74116 /* GlobalVar.swift */ = {isa = PBXFileReference; fileEncoding = 4; lastKnownFileType = sourcecode.swift; path = GlobalVar.swift; sourceTree = "<group>"; };
		FAADF8D21EC8861600E74116 /* DataProvider.swift */ = {isa = PBXFileReference; fileEncoding = 4; lastKnownFileType = sourcecode.swift; name = DataProvider.swift; path = "../../../../Downloads/XLPagerTabStrip-master 2/Example/Example/Helpers/DataProvider.swift"; sourceTree = "<group>"; };
		FAADF8D31EC8861600E74116 /* PostCell.swift */ = {isa = PBXFileReference; fileEncoding = 4; lastKnownFileType = sourcecode.swift; name = PostCell.swift; path = "../../../../Downloads/XLPagerTabStrip-master 2/Example/Example/Helpers/PostCell.swift"; sourceTree = "<group>"; };
		FAADF8D41EC8861600E74116 /* PostCell.xib */ = {isa = PBXFileReference; fileEncoding = 4; lastKnownFileType = file.xib; name = PostCell.xib; path = "../../../../Downloads/XLPagerTabStrip-master 2/Example/Example/Helpers/PostCell.xib"; sourceTree = "<group>"; };
		FAED86BC1ECC9DDA0094F030 /* KeyboardLayoutConstraint.swift */ = {isa = PBXFileReference; fileEncoding = 4; lastKnownFileType = sourcecode.swift; name = KeyboardLayoutConstraint.swift; path = Extension/KeyboardLayoutConstraint.swift; sourceTree = "<group>"; };
		FAED86BE1ECCB3440094F030 /* PembayaranController.swift */ = {isa = PBXFileReference; fileEncoding = 4; lastKnownFileType = sourcecode.swift; name = PembayaranController.swift; path = Controller/PembayaranController.swift; sourceTree = "<group>"; };
		FAED86C01ECCB5690094F030 /* ItemBayarTableCell.swift */ = {isa = PBXFileReference; fileEncoding = 4; lastKnownFileType = sourcecode.swift; name = ItemBayarTableCell.swift; path = Cell/ItemBayarTableCell.swift; sourceTree = "<group>"; };
		FAED86C21ECD91CF0094F030 /* Empty.xib */ = {isa = PBXFileReference; fileEncoding = 4; lastKnownFileType = file.xib; path = Empty.xib; sourceTree = "<group>"; };
		FAED86C41ECD93200094F030 /* DropMenuButton.swift */ = {isa = PBXFileReference; fileEncoding = 4; lastKnownFileType = sourcecode.swift; name = DropMenuButton.swift; path = Extension/DropMenuButton.swift; sourceTree = "<group>"; };
		FAED86CC1ECDAABA0094F030 /* HADropDown.swift */ = {isa = PBXFileReference; fileEncoding = 4; lastKnownFileType = sourcecode.swift; name = HADropDown.swift; path = Extension/HADropDown.swift; sourceTree = "<group>"; };
		FAED86D11ECE2BF30094F030 /* CustomButton2.swift */ = {isa = PBXFileReference; fileEncoding = 4; lastKnownFileType = sourcecode.swift; name = CustomButton2.swift; path = Extension/CustomButton2.swift; sourceTree = "<group>"; };
		FAED86D31ECE34940094F030 /* NotifControllerViewController.swift */ = {isa = PBXFileReference; fileEncoding = 4; lastKnownFileType = sourcecode.swift; name = NotifControllerViewController.swift; path = Controller/NotifControllerViewController.swift; sourceTree = "<group>"; };
		FAED86D51ECE51FC0094F030 /* ItemNotifTableCell.swift */ = {isa = PBXFileReference; fileEncoding = 4; lastKnownFileType = sourcecode.swift; name = ItemNotifTableCell.swift; path = Cell/ItemNotifTableCell.swift; sourceTree = "<group>"; };
		FAED86D71ECE59AB0094F030 /* KritikController.swift */ = {isa = PBXFileReference; fileEncoding = 4; lastKnownFileType = sourcecode.swift; name = KritikController.swift; path = Controller/KritikController.swift; sourceTree = "<group>"; };
		FAED86E11ECFFC960094F030 /* YNExpandableCellEx.xib */ = {isa = PBXFileReference; fileEncoding = 4; lastKnownFileType = file.xib; path = YNExpandableCellEx.xib; sourceTree = "<group>"; };
		FAED86E31ECFFCAE0094F030 /* YNExpandableCells.swift */ = {isa = PBXFileReference; fileEncoding = 4; lastKnownFileType = sourcecode.swift; path = YNExpandableCells.swift; sourceTree = "<group>"; };
		FAED86E51ECFFCD10094F030 /* YNSliderCell.xib */ = {isa = PBXFileReference; fileEncoding = 4; lastKnownFileType = file.xib; path = YNSliderCell.xib; sourceTree = "<group>"; };
		FAED86E71ECFFCE70094F030 /* YNSegmentCell.xib */ = {isa = PBXFileReference; fileEncoding = 4; lastKnownFileType = file.xib; path = YNSegmentCell.xib; sourceTree = "<group>"; };
		FAED86E91ECFFEEE0094F030 /* TanyaController.swift */ = {isa = PBXFileReference; fileEncoding = 4; lastKnownFileType = sourcecode.swift; name = TanyaController.swift; path = Controller/TanyaController.swift; sourceTree = "<group>"; };
		FAED86EB1ED018480094F030 /* TentangController.swift */ = {isa = PBXFileReference; fileEncoding = 4; lastKnownFileType = sourcecode.swift; name = TentangController.swift; path = Controller/TentangController.swift; sourceTree = "<group>"; };
		FAFD1FC21EDCB07200E394A9 /* ChildBeverages.swift */ = {isa = PBXFileReference; fileEncoding = 4; lastKnownFileType = sourcecode.swift; name = ChildBeverages.swift; path = Cild/ChildBeverages.swift; sourceTree = "<group>"; };
		FAFD1FC41EDCB48A00E394A9 /* ChildSnack.swift */ = {isa = PBXFileReference; fileEncoding = 4; lastKnownFileType = sourcecode.swift; name = ChildSnack.swift; path = Cild/ChildSnack.swift; sourceTree = "<group>"; };
/* End PBXFileReference section */

/* Begin PBXFrameworksBuildPhase section */
		FA6EF5A41EC812810069D1F4 /* Frameworks */ = {
			isa = PBXFrameworksBuildPhase;
			buildActionMask = 2147483647;
			files = (
				A9BA2226359315811D81EBD7 /* Pods_Bakso.framework in Frameworks */,
			);
			runOnlyForDeploymentPostprocessing = 0;
		};
/* End PBXFrameworksBuildPhase section */

/* Begin PBXGroup section */
		1EEC7573ACA82858C34E9916 /* Pods */ = {
			isa = PBXGroup;
			children = (
				CB49726B99B36A89032C64E3 /* Pods-Bakso.debug.xcconfig */,
				5FFE6892A081112C8C283915 /* Pods-Bakso.release.xcconfig */,
			);
			name = Pods;
			sourceTree = "<group>";
		};
		735C48FB4BD2AECB0E526331 /* Frameworks */ = {
			isa = PBXGroup;
			children = (
				F82F063BB68F3730B6A408B7 /* Pods_Bakso.framework */,
			);
			name = Frameworks;
			sourceTree = "<group>";
		};
		FA6EF59E1EC812810069D1F4 = {
			isa = PBXGroup;
			children = (
				FA6EF5A91EC812810069D1F4 /* Bakso */,
				FA6EF5A81EC812810069D1F4 /* Products */,
				1EEC7573ACA82858C34E9916 /* Pods */,
				735C48FB4BD2AECB0E526331 /* Frameworks */,
			);
			sourceTree = "<group>";
		};
		FA6EF5A81EC812810069D1F4 /* Products */ = {
			isa = PBXGroup;
			children = (
				FA6EF5A71EC812810069D1F4 /* Bakso.app */,
			);
			name = Products;
			sourceTree = "<group>";
		};
		FA6EF5A91EC812810069D1F4 /* Bakso */ = {
			isa = PBXGroup;
			children = (
				FA7BD5FB1ED880A2009E0917 /* Models Expand */,
				FA7BD5FA1ED88087009E0917 /* Custom Views Expand */,
				FA7BD5EE1ED5F960009E0917 /* Expandable */,
				FAED86C61ECDA7180094F030 /* KPDropMenu */,
				FAADF8D11EC885C000E74116 /* Helper */,
				FAADF8CA1EC884DD00E74116 /* ChildControllers */,
				FAADF8A81EC86E8600E74116 /* Class */,
				FAADF89F1EC8502100E74116 /* Cell */,
				FAADF89A1EC82AC000E74116 /* View */,
				FAADF8991EC82A9500E74116 /* Extension */,
				FA6EF5BE1EC816B50069D1F4 /* Controller */,
				FA6EF5AA1EC812810069D1F4 /* AppDelegate.swift */,
				FA6EF5AC1EC812810069D1F4 /* ViewController.swift */,
				FA6EF5B31EC812810069D1F4 /* LaunchScreen.storyboard */,
				FA6EF5AE1EC812810069D1F4 /* Main.storyboard */,
				FAADF8801EC8267600E74116 /* SubContentsViewController.storyboard */,
				FAADF8851EC826A400E74116 /* SlideMenuControllerSwift.xcdatamodeld */,
				FA6EF5B11EC812810069D1F4 /* Assets.xcassets */,
				FA6EF5B61EC812810069D1F4 /* Info.plist */,
				FAED86C21ECD91CF0094F030 /* Empty.xib */,
			);
			path = Bakso;
			sourceTree = "<group>";
		};
		FA6EF5BE1EC816B50069D1F4 /* Controller */ = {
			isa = PBXGroup;
			children = (
				FAA6BDFB1ECBAAE9006A1953 /* ExSlideMenuController.swift */,
				FAA6BDFD1ECBAB0B006A1953 /* UIViewController.swift */,
				FAA6BDFF1ECBAB24006A1953 /* SubContentsViewController.swift */,
				FAA6BE031ECBAB57006A1953 /* NonMenuController.swift */,
				FAA6BDF51ECBAA60006A1953 /* MainViewController.swift */,
				FAA6BDF31ECBA800006A1953 /* LeftViewController.swift */,
				FAA6BE051ECBAB70006A1953 /* RightViewController.swift */,
				FAADF89C1EC82D1C00E74116 /* SplashVC.swift */,
				FA71E9101EC9780D000F7FA4 /* LoginController.swift */,
				FA71E9141EC98EED000F7FA4 /* RegisterController.swift */,
				FA71E9161EC9EAC3000F7FA4 /* SyaratController.swift */,
				FA71E91A1ECA239B000F7FA4 /* VC.swift */,
				FAA6BDEC1ECB9CE7006A1953 /* PembelianController.swift */,
				FAED86BE1ECCB3440094F030 /* PembayaranController.swift */,
				FAED86D31ECE34940094F030 /* NotifControllerViewController.swift */,
				FAED86D71ECE59AB0094F030 /* KritikController.swift */,
				FAED86E91ECFFEEE0094F030 /* TanyaController.swift */,
				FAED86EB1ED018480094F030 /* TentangController.swift */,
				FA6A9D7F1ED050FE00BB15D5 /* ProfileController.swift */,
				FA6A9D811ED2FABE00BB15D5 /* EditProfileController.swift */,
				FA13A2041ED349FF002D7F79 /* PemesananController.swift */,
				FA7BD6081ED8817F009E0917 /* FaqController.swift */,
			);
			name = Controller;
			sourceTree = "<group>";
		};
		FA7BD5EE1ED5F960009E0917 /* Expandable */ = {
			isa = PBXGroup;
			children = (
				FAED86E11ECFFC960094F030 /* YNExpandableCellEx.xib */,
				FAED86E31ECFFCAE0094F030 /* YNExpandableCells.swift */,
				FAED86E51ECFFCD10094F030 /* YNSliderCell.xib */,
				FAED86E71ECFFCE70094F030 /* YNSegmentCell.xib */,
			);
			name = Expandable;
			sourceTree = "<group>";
		};
		FA7BD5FA1ED88087009E0917 /* Custom Views Expand */ = {
			isa = PBXGroup;
			children = (
				FA7BD60E1ED8868B009E0917 /* HeaderView.swift */,
				FA7BD6101ED886A6009E0917 /* HeaderView.xib */,
				FA7BD6121ED886B6009E0917 /* ImageCell.xib */,
				FA7BD6141ED886CB009E0917 /* TextCell.xib */,
			);
			name = "Custom Views Expand";
			sourceTree = "<group>";
		};
		FA7BD5FB1ED880A2009E0917 /* Models Expand */ = {
			isa = PBXGroup;
			children = (
				FA7BD60A1ED88640009E0917 /* CellInfo.swift */,
				FA7BD60C1ED88656009E0917 /* SectionInfo.swift */,
			);
			name = "Models Expand";
			sourceTree = "<group>";
		};
		FAADF8991EC82A9500E74116 /* Extension */ = {
			isa = PBXGroup;
			children = (
				FAA6BE131ECBAD1F006A1953 /* UIApplication.swift */,
				FAA6BE151ECBAD34006A1953 /* String.swift */,
				FAA6BE171ECBAD48006A1953 /* UIColor.swift */,
				FAA6BE191ECBAD5E006A1953 /* UIImage.swift */,
				FAA6BE1B1ECBAD6D006A1953 /* UIImageView.swift */,
				FAA6BE1D1ECBAD81006A1953 /* UITableViewExtension.swift */,
				FAA6BE1F1ECBAD95006A1953 /* UIView.swift */,
				FAADF8A21EC8508900E74116 /* UIVerticalAlignLabel.swift */,
				FA71E9121EC98237000F7FA4 /* CustomButton.swift */,
				FA71E91E1ECA24B8000F7FA4 /* ButtonImage.swift */,
				FAED86BC1ECC9DDA0094F030 /* KeyboardLayoutConstraint.swift */,
				FAED86C41ECD93200094F030 /* DropMenuButton.swift */,
				FAED86CC1ECDAABA0094F030 /* HADropDown.swift */,
				FAED86D11ECE2BF30094F030 /* CustomButton2.swift */,
				FA7BD6161ED8BF31009E0917 /* MIBadgeButton.swift */,
			);
			name = Extension;
			sourceTree = "<group>";
		};
		FAADF89A1EC82AC000E74116 /* View */ = {
			isa = PBXGroup;
			children = (
				FAA6BE071ECBAC24006A1953 /* RatingViewController.xib */,
				FAA6BE091ECBAC34006A1953 /* ImageHeaderView.swift */,
				FAA6BE0B1ECBAC4B006A1953 /* ImageHeaderView.xib */,
				FAADF89B1EC82AEC00E74116 /* TableViewCell */,
			);
			name = View;
			sourceTree = "<group>";
		};
		FAADF89B1EC82AEC00E74116 /* TableViewCell */ = {
			isa = PBXGroup;
			children = (
				FAA6BE0D1ECBAC84006A1953 /* BaseTableViewCell.swift */,
				FAA6BE0F1ECBAC99006A1953 /* DataTableViewCell.swift */,
				FAA6BE111ECBACAF006A1953 /* DataTableViewCell.xib */,
			);
			name = TableViewCell;
			sourceTree = "<group>";
		};
		FAADF89F1EC8502100E74116 /* Cell */ = {
			isa = PBXGroup;
			children = (
				FAADF8A01EC8503D00E74116 /* MyCustomCell.swift */,
				FAADF8A41EC850C300E74116 /* SlideCell.swift */,
				FA71E9081EC956B3000F7FA4 /* MenuCell.swift */,
				FAA6BDF11ECB9FF5006A1953 /* CustomCellProfile.swift */,
				FAA6BE211ECC72C6006A1953 /* ItemTableCell.swift */,
				FAED86C01ECCB5690094F030 /* ItemBayarTableCell.swift */,
				FAED86D51ECE51FC0094F030 /* ItemNotifTableCell.swift */,
				FA7BD5E91ED5E299009E0917 /* PesanCell.swift */,
			);
			name = Cell;
			sourceTree = "<group>";
		};
		FAADF8A81EC86E8600E74116 /* Class */ = {
			isa = PBXGroup;
			children = (
				FAADF8A61EC86E6500E74116 /* GlobalVar.swift */,
				FA71E91C1ECA2443000F7FA4 /* Device.swift */,
				FA7BD5EF1ED6082C009E0917 /* User.swift */,
				FA7BD5F11ED60C49009E0917 /* ClassStruct.swift */,
			);
			name = Class;
			sourceTree = "<group>";
		};
		FAADF8CA1EC884DD00E74116 /* ChildControllers */ = {
			isa = PBXGroup;
			children = (
				FA71E90A1EC959CD000F7FA4 /* ChildMenuReguler.swift */,
				FA71E90C1EC9663B000F7FA4 /* ChildMenuFrozen.swift */,
				FAFD1FC21EDCB07200E394A9 /* ChildBeverages.swift */,
				FAFD1FC41EDCB48A00E394A9 /* ChildSnack.swift */,
				FA71E90E1EC96AA7000F7FA4 /* ChildMenuComing.swift */,
				FA13A2061ED36138002D7F79 /* ChildNotif.swift */,
			);
			name = ChildControllers;
			sourceTree = "<group>";
		};
		FAADF8D11EC885C000E74116 /* Helper */ = {
			isa = PBXGroup;
			children = (
				FAADF8D21EC8861600E74116 /* DataProvider.swift */,
				FAADF8D31EC8861600E74116 /* PostCell.swift */,
				FAADF8D41EC8861600E74116 /* PostCell.xib */,
			);
			name = Helper;
			sourceTree = "<group>";
		};
		FAED86C61ECDA7180094F030 /* KPDropMenu */ = {
			isa = PBXGroup;
			children = (
			);
			name = KPDropMenu;
			sourceTree = "<group>";
		};
/* End PBXGroup section */

/* Begin PBXNativeTarget section */
		FA6EF5A61EC812810069D1F4 /* Bakso */ = {
			isa = PBXNativeTarget;
			buildConfigurationList = FA6EF5B91EC812810069D1F4 /* Build configuration list for PBXNativeTarget "Bakso" */;
			buildPhases = (
				4D01C280335865F6077FC72F /* [CP] Check Pods Manifest.lock */,
				FA6EF5A31EC812810069D1F4 /* Sources */,
				FA6EF5A41EC812810069D1F4 /* Frameworks */,
				FA6EF5A51EC812810069D1F4 /* Resources */,
				25D792E4D6D0E7FFE8B4AD0E /* [CP] Embed Pods Frameworks */,
				9E517F9BB66736B842331101 /* [CP] Copy Pods Resources */,
			);
			buildRules = (
			);
			dependencies = (
			);
			name = Bakso;
			productName = Bakso;
			productReference = FA6EF5A71EC812810069D1F4 /* Bakso.app */;
			productType = "com.apple.product-type.application";
		};
/* End PBXNativeTarget section */

/* Begin PBXProject section */
		FA6EF59F1EC812810069D1F4 /* Project object */ = {
			isa = PBXProject;
			attributes = {
				LastSwiftUpdateCheck = 0830;
				LastUpgradeCheck = 0830;
				ORGANIZATIONNAME = KGN;
				TargetAttributes = {
					FA6EF5A61EC812810069D1F4 = {
						CreatedOnToolsVersion = 8.3.2;
						DevelopmentTeam = 6ST75AY6XU;
						LastSwiftMigration = 0830;
						ProvisioningStyle = Automatic;
					};
				};
			};
			buildConfigurationList = FA6EF5A21EC812810069D1F4 /* Build configuration list for PBXProject "Bakso" */;
			compatibilityVersion = "Xcode 3.2";
			developmentRegion = English;
			hasScannedForEncodings = 0;
			knownRegions = (
				en,
				Base,
			);
			mainGroup = FA6EF59E1EC812810069D1F4;
			productRefGroup = FA6EF5A81EC812810069D1F4 /* Products */;
			projectDirPath = "";
			projectRoot = "";
			targets = (
				FA6EF5A61EC812810069D1F4 /* Bakso */,
			);
		};
/* End PBXProject section */

/* Begin PBXResourcesBuildPhase section */
		FA6EF5A51EC812810069D1F4 /* Resources */ = {
			isa = PBXResourcesBuildPhase;
			buildActionMask = 2147483647;
			files = (
				FA7BD6131ED886B6009E0917 /* ImageCell.xib in Resources */,
				FA6EF5B51EC812810069D1F4 /* LaunchScreen.storyboard in Resources */,
				FAA6BE121ECBACAF006A1953 /* DataTableViewCell.xib in Resources */,
				FA7BD6111ED886A6009E0917 /* HeaderView.xib in Resources */,
				FAA6BE0C1ECBAC4B006A1953 /* ImageHeaderView.xib in Resources */,
				FA7BD6151ED886CB009E0917 /* TextCell.xib in Resources */,
				FAED86C31ECD91CF0094F030 /* Empty.xib in Resources */,
				FAED86E81ECFFCE70094F030 /* YNSegmentCell.xib in Resources */,
				FAED86E61ECFFCD10094F030 /* YNSliderCell.xib in Resources */,
				FAA6BE081ECBAC24006A1953 /* RatingViewController.xib in Resources */,
				FAADF8821EC8267600E74116 /* SubContentsViewController.storyboard in Resources */,
				FAED86E21ECFFC960094F030 /* YNExpandableCellEx.xib in Resources */,
				FAADF8D71EC8861600E74116 /* PostCell.xib in Resources */,
				FA6EF5B21EC812810069D1F4 /* Assets.xcassets in Resources */,
				FA6EF5B01EC812810069D1F4 /* Main.storyboard in Resources */,
			);
			runOnlyForDeploymentPostprocessing = 0;
		};
/* End PBXResourcesBuildPhase section */

/* Begin PBXShellScriptBuildPhase section */
		25D792E4D6D0E7FFE8B4AD0E /* [CP] Embed Pods Frameworks */ = {
			isa = PBXShellScriptBuildPhase;
			buildActionMask = 2147483647;
			files = (
			);
			inputPaths = (
			);
			name = "[CP] Embed Pods Frameworks";
			outputPaths = (
			);
			runOnlyForDeploymentPostprocessing = 0;
			shellPath = /bin/sh;
			shellScript = "\"${SRCROOT}/Pods/Target Support Files/Pods-Bakso/Pods-Bakso-frameworks.sh\"\n";
			showEnvVarsInLog = 0;
		};
		4D01C280335865F6077FC72F /* [CP] Check Pods Manifest.lock */ = {
			isa = PBXShellScriptBuildPhase;
			buildActionMask = 2147483647;
			files = (
			);
			inputPaths = (
			);
			name = "[CP] Check Pods Manifest.lock";
			outputPaths = (
			);
			runOnlyForDeploymentPostprocessing = 0;
			shellPath = /bin/sh;
			shellScript = "diff \"${PODS_ROOT}/../Podfile.lock\" \"${PODS_ROOT}/Manifest.lock\" > /dev/null\nif [ $? != 0 ] ; then\n    # print error to STDERR\n    echo \"error: The sandbox is not in sync with the Podfile.lock. Run 'pod install' or update your CocoaPods installation.\" >&2\n    exit 1\nfi\n";
			showEnvVarsInLog = 0;
		};
		9E517F9BB66736B842331101 /* [CP] Copy Pods Resources */ = {
			isa = PBXShellScriptBuildPhase;
			buildActionMask = 2147483647;
			files = (
			);
			inputPaths = (
			);
			name = "[CP] Copy Pods Resources";
			outputPaths = (
			);
			runOnlyForDeploymentPostprocessing = 0;
			shellPath = /bin/sh;
			shellScript = "\"${SRCROOT}/Pods/Target Support Files/Pods-Bakso/Pods-Bakso-resources.sh\"\n";
			showEnvVarsInLog = 0;
		};
/* End PBXShellScriptBuildPhase section */

/* Begin PBXSourcesBuildPhase section */
		FA6EF5A31EC812810069D1F4 /* Sources */ = {
			isa = PBXSourcesBuildPhase;
			buildActionMask = 2147483647;
			files = (
				FA7BD6091ED8817F009E0917 /* FaqController.swift in Sources */,
				FAA6BE141ECBAD1F006A1953 /* UIApplication.swift in Sources */,
				FAADF8D51EC8861600E74116 /* DataProvider.swift in Sources */,
				FAA6BDF41ECBA800006A1953 /* LeftViewController.swift in Sources */,
				FAED86EA1ECFFEEE0094F030 /* TanyaController.swift in Sources */,
				FAADF8A71EC86E6500E74116 /* GlobalVar.swift in Sources */,
				FAA6BE1E1ECBAD81006A1953 /* UITableViewExtension.swift in Sources */,
				FAA6BE1A1ECBAD5E006A1953 /* UIImage.swift in Sources */,
				FA71E91D1ECA2443000F7FA4 /* Device.swift in Sources */,
				FAADF89D1EC82D1C00E74116 /* SplashVC.swift in Sources */,
				FAA6BE041ECBAB57006A1953 /* NonMenuController.swift in Sources */,
				FAA6BDF61ECBAA60006A1953 /* MainViewController.swift in Sources */,
				FAADF8A11EC8503D00E74116 /* MyCustomCell.swift in Sources */,
				FA13A2051ED349FF002D7F79 /* PemesananController.swift in Sources */,
				FA7BD5F01ED6082C009E0917 /* User.swift in Sources */,
				FA71E90D1EC9663B000F7FA4 /* ChildMenuFrozen.swift in Sources */,
				FAFD1FC51EDCB48A00E394A9 /* ChildSnack.swift in Sources */,
				FAED86EC1ED018480094F030 /* TentangController.swift in Sources */,
				FA71E9171EC9EAC3000F7FA4 /* SyaratController.swift in Sources */,
				FAED86D41ECE34940094F030 /* NotifControllerViewController.swift in Sources */,
				FAED86CD1ECDAABA0094F030 /* HADropDown.swift in Sources */,
				FA6EF5AD1EC812810069D1F4 /* ViewController.swift in Sources */,
				FA7BD6171ED8BF31009E0917 /* MIBadgeButton.swift in Sources */,
				FAA6BE1C1ECBAD6D006A1953 /* UIImageView.swift in Sources */,
				FAA6BE221ECC72C6006A1953 /* ItemTableCell.swift in Sources */,
				FAED86D81ECE59AB0094F030 /* KritikController.swift in Sources */,
				FAADF88F1EC826A400E74116 /* SlideMenuControllerSwift.xcdatamodeld in Sources */,
				FAA6BE0E1ECBAC84006A1953 /* BaseTableViewCell.swift in Sources */,
				FAA6BE161ECBAD34006A1953 /* String.swift in Sources */,
				FAA6BE181ECBAD48006A1953 /* UIColor.swift in Sources */,
				FA7BD60D1ED88656009E0917 /* SectionInfo.swift in Sources */,
				FA7BD60B1ED88640009E0917 /* CellInfo.swift in Sources */,
				FAA6BDF21ECB9FF5006A1953 /* CustomCellProfile.swift in Sources */,
				FAA6BE061ECBAB70006A1953 /* RightViewController.swift in Sources */,
				FA7BD5EA1ED5E299009E0917 /* PesanCell.swift in Sources */,
				FAADF8D61EC8861600E74116 /* PostCell.swift in Sources */,
				FAED86D61ECE51FC0094F030 /* ItemNotifTableCell.swift in Sources */,
				FAED86D21ECE2BF30094F030 /* CustomButton2.swift in Sources */,
				FA6A9D801ED050FE00BB15D5 /* ProfileController.swift in Sources */,
				FAA6BDED1ECB9CE7006A1953 /* PembelianController.swift in Sources */,
				FAED86BD1ECC9DDA0094F030 /* KeyboardLayoutConstraint.swift in Sources */,
				FA7BD60F1ED8868B009E0917 /* HeaderView.swift in Sources */,
				FA71E91B1ECA239B000F7FA4 /* VC.swift in Sources */,
				FA71E9111EC9780D000F7FA4 /* LoginController.swift in Sources */,
				FAED86E41ECFFCAE0094F030 /* YNExpandableCells.swift in Sources */,
				FA71E91F1ECA24B8000F7FA4 /* ButtonImage.swift in Sources */,
				FAED86C51ECD93200094F030 /* DropMenuButton.swift in Sources */,
				FAA6BE201ECBAD95006A1953 /* UIView.swift in Sources */,
				FA71E9151EC98EED000F7FA4 /* RegisterController.swift in Sources */,
				FAED86C11ECCB5690094F030 /* ItemBayarTableCell.swift in Sources */,
				FA71E90F1EC96AA7000F7FA4 /* ChildMenuComing.swift in Sources */,
				FA6A9D821ED2FABE00BB15D5 /* EditProfileController.swift in Sources */,
				FAA6BDFC1ECBAAE9006A1953 /* ExSlideMenuController.swift in Sources */,
				FAA6BDFE1ECBAB0B006A1953 /* UIViewController.swift in Sources */,
				FA71E9131EC98237000F7FA4 /* CustomButton.swift in Sources */,
				FAED86BF1ECCB3440094F030 /* PembayaranController.swift in Sources */,
				FAA6BE001ECBAB24006A1953 /* SubContentsViewController.swift in Sources */,
				FAA6BE0A1ECBAC34006A1953 /* ImageHeaderView.swift in Sources */,
				FA71E90B1EC959CD000F7FA4 /* ChildMenuReguler.swift in Sources */,
				FA7BD5F21ED60C49009E0917 /* ClassStruct.swift in Sources */,
				FAADF8A51EC850C300E74116 /* SlideCell.swift in Sources */,
				FA6EF5AB1EC812810069D1F4 /* AppDelegate.swift in Sources */,
				FAFD1FC31EDCB07200E394A9 /* ChildBeverages.swift in Sources */,
				FAADF8A31EC8508900E74116 /* UIVerticalAlignLabel.swift in Sources */,
				FA71E9091EC956B3000F7FA4 /* MenuCell.swift in Sources */,
				FAA6BE101ECBAC99006A1953 /* DataTableViewCell.swift in Sources */,
				FA13A2071ED36138002D7F79 /* ChildNotif.swift in Sources */,
			);
			runOnlyForDeploymentPostprocessing = 0;
		};
/* End PBXSourcesBuildPhase section */

/* Begin PBXVariantGroup section */
		FA6EF5AE1EC812810069D1F4 /* Main.storyboard */ = {
			isa = PBXVariantGroup;
			children = (
				FA6EF5AF1EC812810069D1F4 /* Base */,
			);
			name = Main.storyboard;
			sourceTree = "<group>";
		};
		FA6EF5B31EC812810069D1F4 /* LaunchScreen.storyboard */ = {
			isa = PBXVariantGroup;
			children = (
				FA6EF5B41EC812810069D1F4 /* Base */,
			);
			name = LaunchScreen.storyboard;
			sourceTree = "<group>";
		};
/* End PBXVariantGroup section */

/* Begin XCBuildConfiguration section */
		FA6EF5B71EC812810069D1F4 /* Debug */ = {
			isa = XCBuildConfiguration;
			buildSettings = {
				ALWAYS_SEARCH_USER_PATHS = NO;
				CLANG_ANALYZER_NONNULL = YES;
				CLANG_ANALYZER_NUMBER_OBJECT_CONVERSION = YES_AGGRESSIVE;
				CLANG_CXX_LANGUAGE_STANDARD = "gnu++0x";
				CLANG_CXX_LIBRARY = "libc++";
				CLANG_ENABLE_MODULES = YES;
				CLANG_ENABLE_OBJC_ARC = YES;
				CLANG_WARN_BOOL_CONVERSION = YES;
				CLANG_WARN_CONSTANT_CONVERSION = YES;
				CLANG_WARN_DIRECT_OBJC_ISA_USAGE = YES_ERROR;
				CLANG_WARN_DOCUMENTATION_COMMENTS = YES;
				CLANG_WARN_EMPTY_BODY = YES;
				CLANG_WARN_ENUM_CONVERSION = YES;
				CLANG_WARN_INFINITE_RECURSION = YES;
				CLANG_WARN_INT_CONVERSION = YES;
				CLANG_WARN_OBJC_ROOT_CLASS = YES_ERROR;
				CLANG_WARN_SUSPICIOUS_MOVE = YES;
				CLANG_WARN_UNREACHABLE_CODE = YES;
				CLANG_WARN__DUPLICATE_METHOD_MATCH = YES;
				"CODE_SIGN_IDENTITY[sdk=iphoneos*]" = "iPhone Developer";
				COPY_PHASE_STRIP = NO;
				DEBUG_INFORMATION_FORMAT = dwarf;
				ENABLE_STRICT_OBJC_MSGSEND = YES;
				ENABLE_TESTABILITY = YES;
				GCC_C_LANGUAGE_STANDARD = gnu99;
				GCC_DYNAMIC_NO_PIC = NO;
				GCC_NO_COMMON_BLOCKS = YES;
				GCC_OPTIMIZATION_LEVEL = 0;
				GCC_PREPROCESSOR_DEFINITIONS = (
					"DEBUG=1",
					"$(inherited)",
				);
				GCC_WARN_64_TO_32_BIT_CONVERSION = YES;
				GCC_WARN_ABOUT_RETURN_TYPE = YES_ERROR;
				GCC_WARN_UNDECLARED_SELECTOR = YES;
				GCC_WARN_UNINITIALIZED_AUTOS = YES_AGGRESSIVE;
				GCC_WARN_UNUSED_FUNCTION = YES;
				GCC_WARN_UNUSED_VARIABLE = YES;
				IPHONEOS_DEPLOYMENT_TARGET = 10.3;
				MTL_ENABLE_DEBUG_INFO = YES;
				ONLY_ACTIVE_ARCH = YES;
				SDKROOT = iphoneos;
				SWIFT_ACTIVE_COMPILATION_CONDITIONS = DEBUG;
				SWIFT_OPTIMIZATION_LEVEL = "-Onone";
			};
			name = Debug;
		};
		FA6EF5B81EC812810069D1F4 /* Release */ = {
			isa = XCBuildConfiguration;
			buildSettings = {
				ALWAYS_SEARCH_USER_PATHS = NO;
				CLANG_ANALYZER_NONNULL = YES;
				CLANG_ANALYZER_NUMBER_OBJECT_CONVERSION = YES_AGGRESSIVE;
				CLANG_CXX_LANGUAGE_STANDARD = "gnu++0x";
				CLANG_CXX_LIBRARY = "libc++";
				CLANG_ENABLE_MODULES = YES;
				CLANG_ENABLE_OBJC_ARC = YES;
				CLANG_WARN_BOOL_CONVERSION = YES;
				CLANG_WARN_CONSTANT_CONVERSION = YES;
				CLANG_WARN_DIRECT_OBJC_ISA_USAGE = YES_ERROR;
				CLANG_WARN_DOCUMENTATION_COMMENTS = YES;
				CLANG_WARN_EMPTY_BODY = YES;
				CLANG_WARN_ENUM_CONVERSION = YES;
				CLANG_WARN_INFINITE_RECURSION = YES;
				CLANG_WARN_INT_CONVERSION = YES;
				CLANG_WARN_OBJC_ROOT_CLASS = YES_ERROR;
				CLANG_WARN_SUSPICIOUS_MOVE = YES;
				CLANG_WARN_UNREACHABLE_CODE = YES;
				CLANG_WARN__DUPLICATE_METHOD_MATCH = YES;
				"CODE_SIGN_IDENTITY[sdk=iphoneos*]" = "iPhone Developer";
				COPY_PHASE_STRIP = NO;
				DEBUG_INFORMATION_FORMAT = "dwarf-with-dsym";
				ENABLE_NS_ASSERTIONS = NO;
				ENABLE_STRICT_OBJC_MSGSEND = YES;
				GCC_C_LANGUAGE_STANDARD = gnu99;
				GCC_NO_COMMON_BLOCKS = YES;
				GCC_WARN_64_TO_32_BIT_CONVERSION = YES;
				GCC_WARN_ABOUT_RETURN_TYPE = YES_ERROR;
				GCC_WARN_UNDECLARED_SELECTOR = YES;
				GCC_WARN_UNINITIALIZED_AUTOS = YES_AGGRESSIVE;
				GCC_WARN_UNUSED_FUNCTION = YES;
				GCC_WARN_UNUSED_VARIABLE = YES;
				IPHONEOS_DEPLOYMENT_TARGET = 10.3;
				MTL_ENABLE_DEBUG_INFO = NO;
				SDKROOT = iphoneos;
				SWIFT_OPTIMIZATION_LEVEL = "-Owholemodule";
				VALIDATE_PRODUCT = YES;
			};
			name = Release;
		};
		FA6EF5BA1EC812810069D1F4 /* Debug */ = {
			isa = XCBuildConfiguration;
			baseConfigurationReference = CB49726B99B36A89032C64E3 /* Pods-Bakso.debug.xcconfig */;
			buildSettings = {
				ASSETCATALOG_COMPILER_APPICON_NAME = AppIcon;
				CLANG_ENABLE_MODULES = YES;
				DEVELOPMENT_TEAM = 6ST75AY6XU;
				INFOPLIST_FILE = Bakso/Info.plist;
				IPHONEOS_DEPLOYMENT_TARGET = 9.3;
				LD_RUNPATH_SEARCH_PATHS = "$(inherited) @executable_path/Frameworks";
				PRODUCT_BUNDLE_IDENTIFIER = "KGN-Coop.Bakso";
				PRODUCT_NAME = "$(TARGET_NAME)";
				SWIFT_OBJC_BRIDGING_HEADER = "Bakso/Bakso-Bridging-Header.h";
				SWIFT_OPTIMIZATION_LEVEL = "-Onone";
				SWIFT_VERSION = 3.0;
			};
			name = Debug;
		};
		FA6EF5BB1EC812810069D1F4 /* Release */ = {
			isa = XCBuildConfiguration;
			baseConfigurationReference = 5FFE6892A081112C8C283915 /* Pods-Bakso.release.xcconfig */;
			buildSettings = {
				ASSETCATALOG_COMPILER_APPICON_NAME = AppIcon;
				CLANG_ENABLE_MODULES = YES;
				DEVELOPMENT_TEAM = 6ST75AY6XU;
				INFOPLIST_FILE = Bakso/Info.plist;
				IPHONEOS_DEPLOYMENT_TARGET = 9.3;
				LD_RUNPATH_SEARCH_PATHS = "$(inherited) @executable_path/Frameworks";
				PRODUCT_BUNDLE_IDENTIFIER = "KGN-Coop.Bakso";
				PRODUCT_NAME = "$(TARGET_NAME)";
				SWIFT_OBJC_BRIDGING_HEADER = "Bakso/Bakso-Bridging-Header.h";
				SWIFT_VERSION = 3.0;
			};
			name = Release;
		};
/* End XCBuildConfiguration section */

/* Begin XCConfigurationList section */
		FA6EF5A21EC812810069D1F4 /* Build configuration list for PBXProject "Bakso" */ = {
			isa = XCConfigurationList;
			buildConfigurations = (
				FA6EF5B71EC812810069D1F4 /* Debug */,
				FA6EF5B81EC812810069D1F4 /* Release */,
			);
			defaultConfigurationIsVisible = 0;
			defaultConfigurationName = Release;
		};
		FA6EF5B91EC812810069D1F4 /* Build configuration list for PBXNativeTarget "Bakso" */ = {
			isa = XCConfigurationList;
			buildConfigurations = (
				FA6EF5BA1EC812810069D1F4 /* Debug */,
				FA6EF5BB1EC812810069D1F4 /* Release */,
			);
			defaultConfigurationIsVisible = 0;
			defaultConfigurationName = Release;
		};
/* End XCConfigurationList section */

/* Begin XCVersionGroup section */
		FAADF8851EC826A400E74116 /* SlideMenuControllerSwift.xcdatamodeld */ = {
			isa = XCVersionGroup;
			children = (
				FAADF8861EC826A400E74116 /* SlideMenuControllerSwift.xcdatamodel */,
			);
			currentVersion = FAADF8861EC826A400E74116 /* SlideMenuControllerSwift.xcdatamodel */;
			name = SlideMenuControllerSwift.xcdatamodeld;
			path = "../../../../Downloads/SlideMenuControllerSwift-master 2/SlideMenuControllerSwift/SlideMenuControllerSwift.xcdatamodeld";
			sourceTree = "<group>";
			versionGroupType = wrapper.xcdatamodel;
		};
/* End XCVersionGroup section */
	};
	rootObject = FA6EF59F1EC812810069D1F4 /* Project object */;
}
